
Microsoft Visual Studio Solution File, Format Version 12.00
# Visual Studio Version 16
VisualStudioVersion = 16.0.28803.352
MinimumVisualStudioVersion = 10.0.40219.1
Project("{FAE04EC0-301F-11D3-BF4B-00C04F79EFBC}") = "TestPdfFileAnalyzer", "TestPdfFileAnalyzer\TestPdfFileAnalyzer.csproj", "{8220CF47-C249-438E-B91B-4BA388FD41FB}"
	ProjectSection(ProjectDependencies) = postProject
		{86E75F78-0AE3-42D6-9344-232B0DCC2371} = {86E75F78-0AE3-42D6-9344-232B0DCC2371}
	EndProjectSection
EndProject
Project("{FAE04EC0-301F-11D3-BF4B-00C04F79EFBC}") = "PdfFileAnalyzer", "PdfFileAnalyzer\PdfFileAnalyzer.csproj", "{86E75F78-0AE3-42D6-9344-232B0DCC2371}"
EndProject
Global
	GlobalSection(SolutionConfigurationPlatforms) = preSolution
		Debug|Any CPU = Debug|Any CPU
		Release|Any CPU = Release|Any CPU
	EndGlobalSection
	GlobalSection(ProjectConfigurationPlatforms) = postSolution
		{8220CF47-C249-438E-B91B-4BA388FD41FB}.Debug|Any CPU.ActiveCfg = Debug|Any CPU
		{8220CF47-C249-438E-B91B-4BA388FD41FB}.Debug|Any CPU.Build.0 = Debug|Any CPU
		{8220CF47-C249-438E-B91B-4BA388FD41FB}.Release|Any CPU.ActiveCfg = Release|Any CPU
		{8220CF47-C249-438E-B91B-4BA388FD41FB}.Release|Any CPU.Build.0 = Release|Any CPU
		{86E75F78-0AE3-42D6-9344-232B0DCC2371}.Debug|Any CPU.ActiveCfg = Debug|Any CPU
		{86E75F78-0AE3-42D6-9344-232B0DCC2371}.Debug|Any CPU.Build.0 = Debug|Any CPU
		{86E75F78-0AE3-42D6-9344-232B0DCC2371}.Release|Any CPU.ActiveCfg = Release|Any CPU
		{86E75F78-0AE3-42D6-9344-232B0DCC2371}.Release|Any CPU.Build.0 = Release|Any CPU
	EndGlobalSection
	GlobalSection(SolutionProperties) = preSolution
		HideSolutionNode = FALSE
	EndGlobalSection
	GlobalSection(ExtensibilityGlobals) = postSolution
		SolutionGuid = {6951C885-ECD6-4342-9220-2E11CB1018D8}
	EndGlobalSection
EndGlobal
